
Microsoft Visual Studio Solution File, Format Version 12.00
# Visual Studio 15
Project("{FAE04EC0-301F-11D3-BF4B-00C04F79EFBC}") = "ConnectTaxiAPI", "ConnectTaxiAPI\ConnectTaxiAPI.csproj", "{7DEDB0B4-F122-4300-BA59-A1170EE17D8A}"
EndProject
Global
	GlobalSection(SolutionConfigurationPlatforms) = preSolution
		Debug|Any CPU = Debug|Any CPU
		Release|Any CPU = Release|Any CPU
	EndGlobalSection
	GlobalSection(ProjectConfigurationPlatforms) = postSolution
		{7DEDB0B4-F122-4300-BA59-A1170EE17D8A}.Debug|Any CPU.ActiveCfg = Debug|Any CPU
		{7DEDB0B4-F122-4300-BA59-A1170EE17D8A}.Debug|Any CPU.Build.0 = Debug|Any CPU
		{7DEDB0B4-F122-4300-BA59-A1170EE17D8A}.Release|Any CPU.ActiveCfg = Release|Any CPU
		{7DEDB0B4-F122-4300-BA59-A1170EE17D8A}.Release|Any CPU.Build.0 = Release|Any CPU
	EndGlobalSection
EndGlobal
